// !$*UTF8*$!
{
	archiveVersion = 1;
	classes = {
	};
	objectVersion = 46;
	objects = {

/* Begin PBXBuildFile section */
		8025DEE91E75B7BB003C4A6D /* AppDelegate.swift in Sources */ = {isa = PBXBuildFile; fileRef = 8025DEE81E75B7BB003C4A6D /* AppDelegate.swift */; };
		8025DEEB1E75B7BB003C4A6D /* ViewController.swift in Sources */ = {isa = PBXBuildFile; fileRef = 8025DEEA1E75B7BB003C4A6D /* ViewController.swift */; };
		8025DEEE1E75B7BB003C4A6D /* Main.storyboard in Resources */ = {isa = PBXBuildFile; fileRef = 8025DEEC1E75B7BB003C4A6D /* Main.storyboard */; };
		8025DEF11E75B7BB003C4A6D /* Calculator.xcdatamodeld in Sources */ = {isa = PBXBuildFile; fileRef = 8025DEEF1E75B7BB003C4A6D /* Calculator.xcdatamodeld */; };
		8025DEF31E75B7BB003C4A6D /* Assets.xcassets in Resources */ = {isa = PBXBuildFile; fileRef = 8025DEF21E75B7BB003C4A6D /* Assets.xcassets */; };
		8025DEF61E75B7BB003C4A6D /* LaunchScreen.storyboard in Resources */ = {isa = PBXBuildFile; fileRef = 8025DEF41E75B7BB003C4A6D /* LaunchScreen.storyboard */; };
		8025DEFE1E75C6CE003C4A6D /* Protocols.swift in Sources */ = {isa = PBXBuildFile; fileRef = 8025DEFD1E75C6CE003C4A6D /* Protocols.swift */; };
		8025DF001E75C8C8003C4A6D /* ViewPresenter.swift in Sources */ = {isa = PBXBuildFile; fileRef = 8025DEFF1E75C8C8003C4A6D /* ViewPresenter.swift */; };
		8025DF021E75CDA3003C4A6D /* Models.swift in Sources */ = {isa = PBXBuildFile; fileRef = 8025DF011E75CDA3003C4A6D /* Models.swift */; };
		8025DF041E77168B003C4A6D /* MathOperation.swift in Sources */ = {isa = PBXBuildFile; fileRef = 8025DF031E77168B003C4A6D /* MathOperation.swift */; };
		8025DF061E7718C7003C4A6D /* MathLogic.swift in Sources */ = {isa = PBXBuildFile; fileRef = 8025DF051E7718C7003C4A6D /* MathLogic.swift */; };
/* End PBXBuildFile section */

/* Begin PBXFileReference section */
		8025DEE51E75B7BB003C4A6D /* Calculator.app */ = {isa = PBXFileReference; explicitFileType = wrapper.application; includeInIndex = 0; path = Calculator.app; sourceTree = BUILT_PRODUCTS_DIR; };
		8025DEE81E75B7BB003C4A6D /* AppDelegate.swift */ = {isa = PBXFileReference; lastKnownFileType = sourcecode.swift; path = AppDelegate.swift; sourceTree = "<group>"; };
		8025DEEA1E75B7BB003C4A6D /* ViewController.swift */ = {isa = PBXFileReference; lastKnownFileType = sourcecode.swift; path = ViewController.swift; sourceTree = "<group>"; };
		8025DEED1E75B7BB003C4A6D /* Base */ = {isa = PBXFileReference; lastKnownFileType = file.storyboard; name = Base; path = Base.lproj/Main.storyboard; sourceTree = "<group>"; };
		8025DEF01E75B7BB003C4A6D /* Calculator.xcdatamodel */ = {isa = PBXFileReference; lastKnownFileType = wrapper.xcdatamodel; path = Calculator.xcdatamodel; sourceTree = "<group>"; };
		8025DEF21E75B7BB003C4A6D /* Assets.xcassets */ = {isa = PBXFileReference; lastKnownFileType = folder.assetcatalog; path = Assets.xcassets; sourceTree = "<group>"; };
		8025DEF51E75B7BB003C4A6D /* Base */ = {isa = PBXFileReference; lastKnownFileType = file.storyboard; name = Base; path = Base.lproj/LaunchScreen.storyboard; sourceTree = "<group>"; };
		8025DEF71E75B7BB003C4A6D /* Info.plist */ = {isa = PBXFileReference; lastKnownFileType = text.plist.xml; path = Info.plist; sourceTree = "<group>"; };
		8025DEFD1E75C6CE003C4A6D /* Protocols.swift */ = {isa = PBXFileReference; fileEncoding = 4; lastKnownFileType = sourcecode.swift; name = Protocols.swift; path = ../Protocols.swift; sourceTree = "<group>"; };
		8025DEFF1E75C8C8003C4A6D /* ViewPresenter.swift */ = {isa = PBXFileReference; fileEncoding = 4; lastKnownFileType = sourcecode.swift; path = ViewPresenter.swift; sourceTree = SOURCE_ROOT; };
		8025DF011E75CDA3003C4A6D /* Models.swift */ = {isa = PBXFileReference; fileEncoding = 4; lastKnownFileType = sourcecode.swift; name = Models.swift; path = ../Models.swift; sourceTree = "<group>"; };
		8025DF031E77168B003C4A6D /* MathOperation.swift */ = {isa = PBXFileReference; fileEncoding = 4; lastKnownFileType = sourcecode.swift; name = MathOperation.swift; path = ../MathOperation.swift; sourceTree = "<group>"; };
		8025DF051E7718C7003C4A6D /* MathLogic.swift */ = {isa = PBXFileReference; fileEncoding = 4; lastKnownFileType = sourcecode.swift; name = MathLogic.swift; path = MathLogic/MathLogic.swift; sourceTree = "<group>"; };
/* End PBXFileReference section */

/* Begin PBXFrameworksBuildPhase section */
		8025DEE21E75B7BB003C4A6D /* Frameworks */ = {
			isa = PBXFrameworksBuildPhase;
			buildActionMask = 2147483647;
			files = (
			);
			runOnlyForDeploymentPostprocessing = 0;
		};
/* End PBXFrameworksBuildPhase section */

/* Begin PBXGroup section */
		8025DEDC1E75B7BB003C4A6D = {
			isa = PBXGroup;
			children = (
				8025DEE71E75B7BB003C4A6D /* Calculator */,
				8025DEE61E75B7BB003C4A6D /* Products */,
			);
			sourceTree = "<group>";
		};
		8025DEE61E75B7BB003C4A6D /* Products */ = {
			isa = PBXGroup;
			children = (
				8025DEE51E75B7BB003C4A6D /* Calculator.app */,
			);
			name = Products;
			sourceTree = "<group>";
		};
		8025DEE71E75B7BB003C4A6D /* Calculator */ = {
			isa = PBXGroup;
			children = (
				8025DF051E7718C7003C4A6D /* MathLogic.swift */,
				8025DF031E77168B003C4A6D /* MathOperation.swift */,
				8025DEE81E75B7BB003C4A6D /* AppDelegate.swift */,
				8025DEEA1E75B7BB003C4A6D /* ViewController.swift */,
				8025DF011E75CDA3003C4A6D /* Models.swift */,
				8025DEFD1E75C6CE003C4A6D /* Protocols.swift */,
				8025DEFF1E75C8C8003C4A6D /* ViewPresenter.swift */,
				8025DEEC1E75B7BB003C4A6D /* Main.storyboard */,
				8025DEF21E75B7BB003C4A6D /* Assets.xcassets */,
				8025DEF41E75B7BB003C4A6D /* LaunchScreen.storyboard */,
				8025DEF71E75B7BB003C4A6D /* Info.plist */,
				8025DEEF1E75B7BB003C4A6D /* Calculator.xcdatamodeld */,
			);
			path = Calculator;
			sourceTree = "<group>";
		};
/* End PBXGroup section */

/* Begin PBXNativeTarget section */
		8025DEE41E75B7BB003C4A6D /* Calculator */ = {
			isa = PBXNativeTarget;
			buildConfigurationList = 8025DEFA1E75B7BB003C4A6D /* Build configuration list for PBXNativeTarget "Calculator" */;
			buildPhases = (
				8025DEE11E75B7BB003C4A6D /* Sources */,
				8025DEE21E75B7BB003C4A6D /* Frameworks */,
				8025DEE31E75B7BB003C4A6D /* Resources */,
			);
			buildRules = (
			);
			dependencies = (
			);
			name = Calculator;
			productName = Calculator;
			productReference = 8025DEE51E75B7BB003C4A6D /* Calculator.app */;
			productType = "com.apple.product-type.application";
		};
/* End PBXNativeTarget section */

/* Begin PBXProject section */
		8025DEDD1E75B7BB003C4A6D /* Project object */ = {
			isa = PBXProject;
			attributes = {
				LastSwiftUpdateCheck = 0810;
				LastUpgradeCheck = 0810;
				ORGANIZATIONNAME = Gorelovskiy;
				TargetAttributes = {
					8025DEE41E75B7BB003C4A6D = {
						CreatedOnToolsVersion = 8.1;
						DevelopmentTeam = 4M6HC984B7;
						ProvisioningStyle = Automatic;
					};
				};
			};
			buildConfigurationList = 8025DEE01E75B7BB003C4A6D /* Build configuration list for PBXProject "Calculator" */;
			compatibilityVersion = "Xcode 3.2";
			developmentRegion = English;
			hasScannedForEncodings = 0;
			knownRegions = (
				en,
				Base,
			);
			mainGroup = 8025DEDC1E75B7BB003C4A6D;
			productRefGroup = 8025DEE61E75B7BB003C4A6D /* Products */;
			projectDirPath = "";
			projectRoot = "";
			targets = (
				8025DEE41E75B7BB003C4A6D /* Calculator */,
			);
		};
/* End PBXProject section */

/* Begin PBXResourcesBuildPhase section */
		8025DEE31E75B7BB003C4A6D /* Resources */ = {
			isa = PBXResourcesBuildPhase;
			buildActionMask = 2147483647;
			files = (
				8025DEF61E75B7BB003C4A6D /* LaunchScreen.storyboard in Resources */,
				8025DEF31E75B7BB003C4A6D /* Assets.xcassets in Resources */,
				8025DEEE1E75B7BB003C4A6D /* Main.storyboard in Resources */,
			);
			runOnlyForDeploymentPostprocessing = 0;
		};
/* End PBXResourcesBuildPhase section */

/* Begin PBXSourcesBuildPhase section */
		8025DEE11E75B7BB003C4A6D /* Sources */ = {
			isa = PBXSourcesBuildPhase;
			buildActionMask = 2147483647;
			files = (
				8025DEEB1E75B7BB003C4A6D /* ViewController.swift in Sources */,
				8025DF041E77168B003C4A6D /* MathOperation.swift in Sources */,
				8025DF061E7718C7003C4A6D /* MathLogic.swift in Sources */,
				8025DF001E75C8C8003C4A6D /* ViewPresenter.swift in Sources */,
				8025DEE91E75B7BB003C4A6D /* AppDelegate.swift in Sources */,
				8025DF021E75CDA3003C4A6D /* Models.swift in Sources */,
				8025DEF11E75B7BB003C4A6D /* Calculator.xcdatamodeld in Sources */,
				8025DEFE1E75C6CE003C4A6D /* Protocols.swift in Sources */,
			);
			runOnlyForDeploymentPostprocessing = 0;
		};
/* End PBXSourcesBuildPhase section */

/* Begin PBXVariantGroup section */
		8025DEEC1E75B7BB003C4A6D /* Main.storyboard */ = {
			isa = PBXVariantGroup;
			children = (
				8025DEED1E75B7BB003C4A6D /* Base */,
			);
			name = Main.storyboard;
			sourceTree = "<group>";
		};
		8025DEF41E75B7BB003C4A6D /* LaunchScreen.storyboard */ = {
			isa = PBXVariantGroup;
			children = (
				8025DEF51E75B7BB003C4A6D /* Base */,
			);
			name = LaunchScreen.storyboard;
			sourceTree = "<group>";
		};
/* End PBXVariantGroup section */

/* Begin XCBuildConfiguration section */
		8025DEF81E75B7BB003C4A6D /* Debug */ = {
			isa = XCBuildConfiguration;
			buildSettings = {
				ALWAYS_SEARCH_USER_PATHS = NO;
				CLANG_ANALYZER_NONNULL = YES;
				CLANG_CXX_LANGUAGE_STANDARD = "gnu++0x";
				CLANG_CXX_LIBRARY = "libc++";
				CLANG_ENABLE_MODULES = YES;
				CLANG_ENABLE_OBJC_ARC = YES;
				CLANG_WARN_BOOL_CONVERSION = YES;
				CLANG_WARN_CONSTANT_CONVERSION = YES;
				CLANG_WARN_DIRECT_OBJC_ISA_USAGE = YES_ERROR;
				CLANG_WARN_DOCUMENTATION_COMMENTS = YES;
				CLANG_WARN_EMPTY_BODY = YES;
				CLANG_WARN_ENUM_CONVERSION = YES;
				CLANG_WARN_INFINITE_RECURSION = YES;
				CLANG_WARN_INT_CONVERSION = YES;
				CLANG_WARN_OBJC_ROOT_CLASS = YES_ERROR;
				CLANG_WARN_SUSPICIOUS_MOVES = YES;
				CLANG_WARN_UNREACHABLE_CODE = YES;
				CLANG_WARN__DUPLICATE_METHOD_MATCH = YES;
				"CODE_SIGN_IDENTITY[sdk=iphoneos*]" = "iPhone Developer";
				COPY_PHASE_STRIP = NO;
				DEBUG_INFORMATION_FORMAT = dwarf;
				ENABLE_STRICT_OBJC_MSGSEND = YES;
				ENABLE_TESTABILITY = YES;
				GCC_C_LANGUAGE_STANDARD = gnu99;
				GCC_DYNAMIC_NO_PIC = NO;
				GCC_NO_COMMON_BLOCKS = YES;
				GCC_OPTIMIZATION_LEVEL = 0;
				GCC_PREPROCESSOR_DEFINITIONS = (
					"DEBUG=1",
					"$(inherited)",
				);
				GCC_WARN_64_TO_32_BIT_CONVERSION = YES;
				GCC_WARN_ABOUT_RETURN_TYPE = YES_ERROR;
				GCC_WARN_UNDECLARED_SELECTOR = YES;
				GCC_WARN_UNINITIALIZED_AUTOS = YES_AGGRESSIVE;
				GCC_WARN_UNUSED_FUNCTION = YES;
				GCC_WARN_UNUSED_VARIABLE = YES;
				IPHONEOS_DEPLOYMENT_TARGET = 10.1;
				MTL_ENABLE_DEBUG_INFO = YES;
				ONLY_ACTIVE_ARCH = YES;
				SDKROOT = iphoneos;
				SWIFT_ACTIVE_COMPILATION_CONDITIONS = DEBUG;
				SWIFT_OPTIMIZATION_LEVEL = "-Onone";
			};
			name = Debug;
		};
		8025DEF91E75B7BB003C4A6D /* Release */ = {
			isa = XCBuildConfiguration;
			buildSettings = {
				ALWAYS_SEARCH_USER_PATHS = NO;
				CLANG_ANALYZER_NONNULL = YES;
				CLANG_CXX_LANGUAGE_STANDARD = "gnu++0x";
				CLANG_CXX_LIBRARY = "libc++";
				CLANG_ENABLE_MODULES = YES;
				CLANG_ENABLE_OBJC_ARC = YES;
				CLANG_WARN_BOOL_CONVERSION = YES;
				CLANG_WARN_CONSTANT_CONVERSION = YES;
				CLANG_WARN_DIRECT_OBJC_ISA_USAGE = YES_ERROR;
				CLANG_WARN_DOCUMENTATION_COMMENTS = YES;
				CLANG_WARN_EMPTY_BODY = YES;
				CLANG_WARN_ENUM_CONVERSION = YES;
				CLANG_WARN_INFINITE_RECURSION = YES;
				CLANG_WARN_INT_CONVERSION = YES;
				CLANG_WARN_OBJC_ROOT_CLASS = YES_ERROR;
				CLANG_WARN_SUSPICIOUS_MOVES = YES;
				CLANG_WARN_UNREACHABLE_CODE = YES;
				CLANG_WARN__DUPLICATE_METHOD_MATCH = YES;
				"CODE_SIGN_IDENTITY[sdk=iphoneos*]" = "iPhone Developer";
				COPY_PHASE_STRIP = NO;
				DEBUG_INFORMATION_FORMAT = "dwarf-with-dsym";
				ENABLE_NS_ASSERTIONS = NO;
				ENABLE_STRICT_OBJC_MSGSEND = YES;
				GCC_C_LANGUAGE_STANDARD = gnu99;
				GCC_NO_COMMON_BLOCKS = YES;
				GCC_WARN_64_TO_32_BIT_CONVERSION = YES;
				GCC_WARN_ABOUT_RETURN_TYPE = YES_ERROR;
				GCC_WARN_UNDECLARED_SELECTOR = YES;
				GCC_WARN_UNINITIALIZED_AUTOS = YES_AGGRESSIVE;
				GCC_WARN_UNUSED_FUNCTION = YES;
				GCC_WARN_UNUSED_VARIABLE = YES;
				IPHONEOS_DEPLOYMENT_TARGET = 10.1;
				MTL_ENABLE_DEBUG_INFO = NO;
				SDKROOT = iphoneos;
				SWIFT_OPTIMIZATION_LEVEL = "-Owholemodule";
				VALIDATE_PRODUCT = YES;
			};
			name = Release;
		};
		8025DEFB1E75B7BB003C4A6D /* Debug */ = {
			isa = XCBuildConfiguration;
			buildSettings = {
				ASSETCATALOG_COMPILER_APPICON_NAME = AppIcon;
				DEVELOPMENT_TEAM = 4M6HC984B7;
				INFOPLIST_FILE = Calculator/Info.plist;
				IPHONEOS_DEPLOYMENT_TARGET = 8.0;
				LD_RUNPATH_SEARCH_PATHS = "$(inherited) @executable_path/Frameworks";
				PRODUCT_BUNDLE_IDENTIFIER = G.Calculator;
				PRODUCT_NAME = "$(TARGET_NAME)";
				SWIFT_VERSION = 3.0;
			};
			name = Debug;
		};
		8025DEFC1E75B7BB003C4A6D /* Release */ = {
			isa = XCBuildConfiguration;
			buildSettings = {
				ASSETCATALOG_COMPILER_APPICON_NAME = AppIcon;
				DEVELOPMENT_TEAM = 4M6HC984B7;
				INFOPLIST_FILE = Calculator/Info.plist;
				IPHONEOS_DEPLOYMENT_TARGET = 8.0;
				LD_RUNPATH_SEARCH_PATHS = "$(inherited) @executable_path/Frameworks";
				PRODUCT_BUNDLE_IDENTIFIER = G.Calculator;
				PRODUCT_NAME = "$(TARGET_NAME)";
				SWIFT_VERSION = 3.0;
			};
			name = Release;
		};
/* End XCBuildConfiguration section */

/* Begin XCConfigurationList section */
		8025DEE01E75B7BB003C4A6D /* Build configuration list for PBXProject "Calculator" */ = {
			isa = XCConfigurationList;
			buildConfigurations = (
				8025DEF81E75B7BB003C4A6D /* Debug */,
				8025DEF91E75B7BB003C4A6D /* Release */,
			);
			defaultConfigurationIsVisible = 0;
			defaultConfigurationName = Release;
		};
		8025DEFA1E75B7BB003C4A6D /* Build configuration list for PBXNativeTarget "Calculator" */ = {
			isa = XCConfigurationList;
			buildConfigurations = (
				8025DEFB1E75B7BB003C4A6D /* Debug */,
				8025DEFC1E75B7BB003C4A6D /* Release */,
			);
			defaultConfigurationIsVisible = 0;
		};
/* End XCConfigurationList section */

/* Begin XCVersionGroup section */
		8025DEEF1E75B7BB003C4A6D /* Calculator.xcdatamodeld */ = {
			isa = XCVersionGroup;
			children = (
				8025DEF01E75B7BB003C4A6D /* Calculator.xcdatamodel */,
			);
			currentVersion = 8025DEF01E75B7BB003C4A6D /* Calculator.xcdatamodel */;
			path = Calculator.xcdatamodeld;
			sourceTree = "<group>";
			versionGroupType = wrapper.xcdatamodel;
		};
/* End XCVersionGroup section */
	};
	rootObject = 8025DEDD1E75B7BB003C4A6D /* Project object */;
}
